// !$*UTF8*$!
{
	archiveVersion = 1;
	classes = {
	};
	objectVersion = 46;
	objects = {

/* Begin PBXBuildFile section */
		D1EF6A6A19CBE5F3002F489E /* AppDelegate.swift in Sources */ = {isa = PBXBuildFile; fileRef = D1EF6A6919CBE5F3002F489E /* AppDelegate.swift */; };
		D1EF6A6C19CBE5F3002F489E /* ViewController.swift in Sources */ = {isa = PBXBuildFile; fileRef = D1EF6A6B19CBE5F3002F489E /* ViewController.swift */; };
		D1EF6A6F19CBE5F3002F489E /* Main.storyboard in Resources */ = {isa = PBXBuildFile; fileRef = D1EF6A6D19CBE5F3002F489E /* Main.storyboard */; };
		D1EF6A7119CBE5F3002F489E /* Images.xcassets in Resources */ = {isa = PBXBuildFile; fileRef = D1EF6A7019CBE5F3002F489E /* Images.xcassets */; };
		D1EF6A7419CBE5F3002F489E /* LaunchScreen.xib in Resources */ = {isa = PBXBuildFile; fileRef = D1EF6A7219CBE5F3002F489E /* LaunchScreen.xib */; };
		D1EF6A8019CBE5F3002F489E /* StormyTests.swift in Sources */ = {isa = PBXBuildFile; fileRef = D1EF6A7F19CBE5F3002F489E /* StormyTests.swift */; };
		D1EF6A8A19CBF3BB002F489E /* Current.swift in Sources */ = {isa = PBXBuildFile; fileRef = D1EF6A8919CBF3BB002F489E /* Current.swift */; };
/* End PBXBuildFile section */

/* Begin PBXContainerItemProxy section */
		D1EF6A7A19CBE5F3002F489E /* PBXContainerItemProxy */ = {
			isa = PBXContainerItemProxy;
			containerPortal = D1EF6A5C19CBE5F3002F489E /* Project object */;
			proxyType = 1;
			remoteGlobalIDString = D1EF6A6319CBE5F3002F489E;
			remoteInfo = Stormy;
		};
/* End PBXContainerItemProxy section */

/* Begin PBXFileReference section */
		D1EF6A6419CBE5F3002F489E /* Stormy.app */ = {isa = PBXFileReference; explicitFileType = wrapper.application; includeInIndex = 0; path = Stormy.app; sourceTree = BUILT_PRODUCTS_DIR; };
		D1EF6A6819CBE5F3002F489E /* Info.plist */ = {isa = PBXFileReference; lastKnownFileType = text.plist.xml; path = Info.plist; sourceTree = "<group>"; };
		D1EF6A6919CBE5F3002F489E /* AppDelegate.swift */ = {isa = PBXFileReference; lastKnownFileType = sourcecode.swift; path = AppDelegate.swift; sourceTree = "<group>"; };
		D1EF6A6B19CBE5F3002F489E /* ViewController.swift */ = {isa = PBXFileReference; lastKnownFileType = sourcecode.swift; path = ViewController.swift; sourceTree = "<group>"; };
		D1EF6A6E19CBE5F3002F489E /* Base */ = {isa = PBXFileReference; lastKnownFileType = file.storyboard; name = Base; path = Base.lproj/Main.storyboard; sourceTree = "<group>"; };
		D1EF6A7019CBE5F3002F489E /* Images.xcassets */ = {isa = PBXFileReference; lastKnownFileType = folder.assetcatalog; path = Images.xcassets; sourceTree = "<group>"; };
		D1EF6A7319CBE5F3002F489E /* Base */ = {isa = PBXFileReference; lastKnownFileType = file.xib; name = Base; path = Base.lproj/LaunchScreen.xib; sourceTree = "<group>"; };
		D1EF6A7919CBE5F3002F489E /* StormyTests.xctest */ = {isa = PBXFileReference; explicitFileType = wrapper.cfbundle; includeInIndex = 0; path = StormyTests.xctest; sourceTree = BUILT_PRODUCTS_DIR; };
		D1EF6A7E19CBE5F3002F489E /* Info.plist */ = {isa = PBXFileReference; lastKnownFileType = text.plist.xml; path = Info.plist; sourceTree = "<group>"; };
		D1EF6A7F19CBE5F3002F489E /* StormyTests.swift */ = {isa = PBXFileReference; lastKnownFileType = sourcecode.swift; path = StormyTests.swift; sourceTree = "<group>"; };
		D1EF6A8919CBF3BB002F489E /* Current.swift */ = {isa = PBXFileReference; fileEncoding = 4; lastKnownFileType = sourcecode.swift; path = Current.swift; sourceTree = "<group>"; };
/* End PBXFileReference section */

/* Begin PBXFrameworksBuildPhase section */
		D1EF6A6119CBE5F3002F489E /* Frameworks */ = {
			isa = PBXFrameworksBuildPhase;
			buildActionMask = 2147483647;
			files = (
			);
			runOnlyForDeploymentPostprocessing = 0;
		};
		D1EF6A7619CBE5F3002F489E /* Frameworks */ = {
			isa = PBXFrameworksBuildPhase;
			buildActionMask = 2147483647;
			files = (
			);
			runOnlyForDeploymentPostprocessing = 0;
		};
/* End PBXFrameworksBuildPhase section */

/* Begin PBXGroup section */
		D1EF6A5B19CBE5F3002F489E = {
			isa = PBXGroup;
			children = (
				D1EF6A6619CBE5F3002F489E /* Stormy */,
				D1EF6A7C19CBE5F3002F489E /* StormyTests */,
				D1EF6A6519CBE5F3002F489E /* Products */,
			);
			sourceTree = "<group>";
		};
		D1EF6A6519CBE5F3002F489E /* Products */ = {
			isa = PBXGroup;
			children = (
				D1EF6A6419CBE5F3002F489E /* Stormy.app */,
				D1EF6A7919CBE5F3002F489E /* StormyTests.xctest */,
			);
			name = Products;
			sourceTree = "<group>";
		};
		D1EF6A6619CBE5F3002F489E /* Stormy */ = {
			isa = PBXGroup;
			children = (
				D1EF6A6919CBE5F3002F489E /* AppDelegate.swift */,
				D1EF6A6B19CBE5F3002F489E /* ViewController.swift */,
				D1EF6A8919CBF3BB002F489E /* Current.swift */,
				D1EF6A6D19CBE5F3002F489E /* Main.storyboard */,
				D1EF6A7019CBE5F3002F489E /* Images.xcassets */,
				D1EF6A7219CBE5F3002F489E /* LaunchScreen.xib */,
				D1EF6A6719CBE5F3002F489E /* Supporting Files */,
			);
			path = Stormy;
			sourceTree = "<group>";
		};
		D1EF6A6719CBE5F3002F489E /* Supporting Files */ = {
			isa = PBXGroup;
			children = (
				D1EF6A6819CBE5F3002F489E /* Info.plist */,
			);
			name = "Supporting Files";
			sourceTree = "<group>";
		};
		D1EF6A7C19CBE5F3002F489E /* StormyTests */ = {
			isa = PBXGroup;
			children = (
				D1EF6A7F19CBE5F3002F489E /* StormyTests.swift */,
				D1EF6A7D19CBE5F3002F489E /* Supporting Files */,
			);
			path = StormyTests;
			sourceTree = "<group>";
		};
		D1EF6A7D19CBE5F3002F489E /* Supporting Files */ = {
			isa = PBXGroup;
			children = (
				D1EF6A7E19CBE5F3002F489E /* Info.plist */,
			);
			name = "Supporting Files";
			sourceTree = "<group>";
		};
/* End PBXGroup section */

/* Begin PBXNativeTarget section */
		D1EF6A6319CBE5F3002F489E /* Stormy */ = {
			isa = PBXNativeTarget;
			buildConfigurationList = D1EF6A8319CBE5F3002F489E /* Build configuration list for PBXNativeTarget "Stormy" */;
			buildPhases = (
				D1EF6A6019CBE5F3002F489E /* Sources */,
				D1EF6A6119CBE5F3002F489E /* Frameworks */,
				D1EF6A6219CBE5F3002F489E /* Resources */,
			);
			buildRules = (
			);
			dependencies = (
			);
			name = Stormy;
			productName = Stormy;
			productReference = D1EF6A6419CBE5F3002F489E /* Stormy.app */;
			productType = "com.apple.product-type.application";
		};
		D1EF6A7819CBE5F3002F489E /* StormyTests */ = {
			isa = PBXNativeTarget;
			buildConfigurationList = D1EF6A8619CBE5F3002F489E /* Build configuration list for PBXNativeTarget "StormyTests" */;
			buildPhases = (
				D1EF6A7519CBE5F3002F489E /* Sources */,
				D1EF6A7619CBE5F3002F489E /* Frameworks */,
				D1EF6A7719CBE5F3002F489E /* Resources */,
			);
			buildRules = (
			);
			dependencies = (
				D1EF6A7B19CBE5F3002F489E /* PBXTargetDependency */,
			);
			name = StormyTests;
			productName = StormyTests;
			productReference = D1EF6A7919CBE5F3002F489E /* StormyTests.xctest */;
			productType = "com.apple.product-type.bundle.unit-test";
		};
/* End PBXNativeTarget section */

/* Begin PBXProject section */
		D1EF6A5C19CBE5F3002F489E /* Project object */ = {
			isa = PBXProject;
			attributes = {
				LastUpgradeCheck = 0600;
				ORGANIZATIONNAME = "Cody Ingram";
				TargetAttributes = {
					D1EF6A6319CBE5F3002F489E = {
						CreatedOnToolsVersion = 6.0.1;
					};
					D1EF6A7819CBE5F3002F489E = {
						CreatedOnToolsVersion = 6.0.1;
						TestTargetID = D1EF6A6319CBE5F3002F489E;
					};
				};
			};
			buildConfigurationList = D1EF6A5F19CBE5F3002F489E /* Build configuration list for PBXProject "Stormy" */;
			compatibilityVersion = "Xcode 3.2";
			developmentRegion = English;
			hasScannedForEncodings = 0;
			knownRegions = (
				en,
				Base,
			);
			mainGroup = D1EF6A5B19CBE5F3002F489E;
			productRefGroup = D1EF6A6519CBE5F3002F489E /* Products */;
			projectDirPath = "";
			projectRoot = "";
			targets = (
				D1EF6A6319CBE5F3002F489E /* Stormy */,
				D1EF6A7819CBE5F3002F489E /* StormyTests */,
			);
		};
/* End PBXProject section */

/* Begin PBXResourcesBuildPhase section */
		D1EF6A6219CBE5F3002F489E /* Resources */ = {
			isa = PBXResourcesBuildPhase;
			buildActionMask = 2147483647;
			files = (
				D1EF6A6F19CBE5F3002F489E /* Main.storyboard in Resources */,
				D1EF6A7419CBE5F3002F489E /* LaunchScreen.xib in Resources */,
				D1EF6A7119CBE5F3002F489E /* Images.xcassets in Resources */,
			);
			runOnlyForDeploymentPostprocessing = 0;
		};
		D1EF6A7719CBE5F3002F489E /* Resources */ = {
			isa = PBXResourcesBuildPhase;
			buildActionMask = 2147483647;
			files = (
			);
			runOnlyForDeploymentPostprocessing = 0;
		};
/* End PBXResourcesBuildPhase section */

/* Begin PBXSourcesBuildPhase section */
		D1EF6A6019CBE5F3002F489E /* Sources */ = {
			isa = PBXSourcesBuildPhase;
			buildActionMask = 2147483647;
			files = (
				D1EF6A8A19CBF3BB002F489E /* Current.swift in Sources */,
				D1EF6A6C19CBE5F3002F489E /* ViewController.swift in Sources */,
				D1EF6A6A19CBE5F3002F489E /* AppDelegate.swift in Sources */,
			);
			runOnlyForDeploymentPostprocessing = 0;
		};
		D1EF6A7519CBE5F3002F489E /* Sources */ = {
			isa = PBXSourcesBuildPhase;
			buildActionMask = 2147483647;
			files = (
				D1EF6A8019CBE5F3002F489E /* StormyTests.swift in Sources */,
			);
			runOnlyForDeploymentPostprocessing = 0;
		};
/* End PBXSourcesBuildPhase section */

/* Begin PBXTargetDependency section */
		D1EF6A7B19CBE5F3002F489E /* PBXTargetDependency */ = {
			isa = PBXTargetDependency;
			target = D1EF6A6319CBE5F3002F489E /* Stormy */;
			targetProxy = D1EF6A7A19CBE5F3002F489E /* PBXContainerItemProxy */;
		};
/* End PBXTargetDependency section */

/* Begin PBXVariantGroup section */
		D1EF6A6D19CBE5F3002F489E /* Main.storyboard */ = {
			isa = PBXVariantGroup;
			children = (
				D1EF6A6E19CBE5F3002F489E /* Base */,
			);
			name = Main.storyboard;
			sourceTree = "<group>";
		};
		D1EF6A7219CBE5F3002F489E /* LaunchScreen.xib */ = {
			isa = PBXVariantGroup;
			children = (
				D1EF6A7319CBE5F3002F489E /* Base */,
			);
			name = LaunchScreen.xib;
			sourceTree = "<group>";
		};
/* End PBXVariantGroup section */

/* Begin XCBuildConfiguration section */
		D1EF6A8119CBE5F3002F489E /* Debug */ = {
			isa = XCBuildConfiguration;
			buildSettings = {
				ALWAYS_SEARCH_USER_PATHS = NO;
				CLANG_CXX_LANGUAGE_STANDARD = "gnu++0x";
				CLANG_CXX_LIBRARY = "libc++";
				CLANG_ENABLE_MODULES = YES;
				CLANG_ENABLE_OBJC_ARC = YES;
				CLANG_WARN_BOOL_CONVERSION = YES;
				CLANG_WARN_CONSTANT_CONVERSION = YES;
				CLANG_WARN_DIRECT_OBJC_ISA_USAGE = YES_ERROR;
				CLANG_WARN_EMPTY_BODY = YES;
				CLANG_WARN_ENUM_CONVERSION = YES;
				CLANG_WARN_INT_CONVERSION = YES;
				CLANG_WARN_OBJC_ROOT_CLASS = YES_ERROR;
				CLANG_WARN_UNREACHABLE_CODE = YES;
				CLANG_WARN__DUPLICATE_METHOD_MATCH = YES;
				"CODE_SIGN_IDENTITY[sdk=iphoneos*]" = "iPhone Developer";
				COPY_PHASE_STRIP = NO;
				ENABLE_STRICT_OBJC_MSGSEND = YES;
				GCC_C_LANGUAGE_STANDARD = gnu99;
				GCC_DYNAMIC_NO_PIC = NO;
				GCC_OPTIMIZATION_LEVEL = 0;
				GCC_PREPROCESSOR_DEFINITIONS = (
					"DEBUG=1",
					"$(inherited)",
				);
				GCC_SYMBOLS_PRIVATE_EXTERN = NO;
				GCC_WARN_64_TO_32_BIT_CONVERSION = YES;
				GCC_WARN_ABOUT_RETURN_TYPE = YES_ERROR;
				GCC_WARN_UNDECLARED_SELECTOR = YES;
				GCC_WARN_UNINITIALIZED_AUTOS = YES_AGGRESSIVE;
				GCC_WARN_UNUSED_FUNCTION = YES;
				GCC_WARN_UNUSED_VARIABLE = YES;
				IPHONEOS_DEPLOYMENT_TARGET = 8.0;
				MTL_ENABLE_DEBUG_INFO = YES;
				ONLY_ACTIVE_ARCH = YES;
				SDKROOT = iphoneos;
				SWIFT_OPTIMIZATION_LEVEL = "-Onone";
			};
			name = Debug;
		};
		D1EF6A8219CBE5F3002F489E /* Release */ = {
			isa = XCBuildConfiguration;
			buildSettings = {
				ALWAYS_SEARCH_USER_PATHS = NO;
				CLANG_CXX_LANGUAGE_STANDARD = "gnu++0x";
				CLANG_CXX_LIBRARY = "libc++";
				CLANG_ENABLE_MODULES = YES;
				CLANG_ENABLE_OBJC_ARC = YES;
				CLANG_WARN_BOOL_CONVERSION = YES;
				CLANG_WARN_CONSTANT_CONVERSION = YES;
				CLANG_WARN_DIRECT_OBJC_ISA_USAGE = YES_ERROR;
				CLANG_WARN_EMPTY_BODY = YES;
				CLANG_WARN_ENUM_CONVERSION = YES;
				CLANG_WARN_INT_CONVERSION = YES;
				CLANG_WARN_OBJC_ROOT_CLASS = YES_ERROR;
				CLANG_WARN_UNREACHABLE_CODE = YES;
				CLANG_WARN__DUPLICATE_METHOD_MATCH = YES;
				"CODE_SIGN_IDENTITY[sdk=iphoneos*]" = "iPhone Developer";
				COPY_PHASE_STRIP = YES;
				ENABLE_NS_ASSERTIONS = NO;
				ENABLE_STRICT_OBJC_MSGSEND = YES;
				GCC_C_LANGUAGE_STANDARD = gnu99;
				GCC_WARN_64_TO_32_BIT_CONVERSION = YES;
				GCC_WARN_ABOUT_RETURN_TYPE = YES_ERROR;
				GCC_WARN_UNDECLARED_SELECTOR = YES;
				GCC_WARN_UNINITIALIZED_AUTOS = YES_AGGRESSIVE;
				GCC_WARN_UNUSED_FUNCTION = YES;
				GCC_WARN_UNUSED_VARIABLE = YES;
				IPHONEOS_DEPLOYMENT_TARGET = 8.0;
				MTL_ENABLE_DEBUG_INFO = NO;
				SDKROOT = iphoneos;
				VALIDATE_PRODUCT = YES;
			};
			name = Release;
		};
		D1EF6A8419CBE5F3002F489E /* Debug */ = {
			isa = XCBuildConfiguration;
			buildSettings = {
				ASSETCATALOG_COMPILER_APPICON_NAME = AppIcon;
				INFOPLIST_FILE = Stormy/Info.plist;
				LD_RUNPATH_SEARCH_PATHS = "$(inherited) @executable_path/Frameworks";
				PRODUCT_NAME = "$(TARGET_NAME)";
			};
			name = Debug;
		};
		D1EF6A8519CBE5F3002F489E /* Release */ = {
			isa = XCBuildConfiguration;
			buildSettings = {
				ASSETCATALOG_COMPILER_APPICON_NAME = AppIcon;
				INFOPLIST_FILE = Stormy/Info.plist;
				LD_RUNPATH_SEARCH_PATHS = "$(inherited) @executable_path/Frameworks";
				PRODUCT_NAME = "$(TARGET_NAME)";
			};
			name = Release;
		};
		D1EF6A8719CBE5F3002F489E /* Debug */ = {
			isa = XCBuildConfiguration;
			buildSettings = {
				BUNDLE_LOADER = "$(TEST_HOST)";
				FRAMEWORK_SEARCH_PATHS = (
					"$(SDKROOT)/Developer/Library/Frameworks",
					"$(inherited)",
				);
				GCC_PREPROCESSOR_DEFINITIONS = (
					"DEBUG=1",
					"$(inherited)",
				);
				INFOPLIST_FILE = StormyTests/Info.plist;
				LD_RUNPATH_SEARCH_PATHS = "$(inherited) @executable_path/Frameworks @loader_path/Frameworks";
				PRODUCT_NAME = "$(TARGET_NAME)";
				TEST_HOST = "$(BUILT_PRODUCTS_DIR)/Stormy.app/Stormy";
			};
			name = Debug;
		};
		D1EF6A8819CBE5F3002F489E /* Release */ = {
			isa = XCBuildConfiguration;
			buildSettings = {
				BUNDLE_LOADER = "$(TEST_HOST)";
				FRAMEWORK_SEARCH_PATHS = (
					"$(SDKROOT)/Developer/Library/Frameworks",
					"$(inherited)",
				);
				INFOPLIST_FILE = StormyTests/Info.plist;
				LD_RUNPATH_SEARCH_PATHS = "$(inherited) @executable_path/Frameworks @loader_path/Frameworks";
				PRODUCT_NAME = "$(TARGET_NAME)";
				TEST_HOST = "$(BUILT_PRODUCTS_DIR)/Stormy.app/Stormy";
			};
			name = Release;
		};
/* End XCBuildConfiguration section */

/* Begin XCConfigurationList section */
		D1EF6A5F19CBE5F3002F489E /* Build configuration list for PBXProject "Stormy" */ = {
			isa = XCConfigurationList;
			buildConfigurations = (
				D1EF6A8119CBE5F3002F489E /* Debug */,
				D1EF6A8219CBE5F3002F489E /* Release */,
			);
			defaultConfigurationIsVisible = 0;
			defaultConfigurationName = Release;
		};
		D1EF6A8319CBE5F3002F489E /* Build configuration list for PBXNativeTarget "Stormy" */ = {
			isa = XCConfigurationList;
			buildConfigurations = (
				D1EF6A8419CBE5F3002F489E /* Debug */,
				D1EF6A8519CBE5F3002F489E /* Release */,
			);
			defaultConfigurationIsVisible = 0;
		};
		D1EF6A8619CBE5F3002F489E /* Build configuration list for PBXNativeTarget "StormyTests" */ = {
			isa = XCConfigurationList;
			buildConfigurations = (
				D1EF6A8719CBE5F3002F489E /* Debug */,
				D1EF6A8819CBE5F3002F489E /* Release */,
			);
			defaultConfigurationIsVisible = 0;
		};
/* End XCConfigurationList section */
	};
	rootObject = D1EF6A5C19CBE5F3002F489E /* Project object */;
}
